// !$*UTF8*$!
{
	archiveVersion = 1;
	classes = {
	};
	objectVersion = 46;
	objects = {

/* Begin PBXBuildFile section */
		49BC86FF14660C8500EF87BB /* SettingsViewController.m in Sources */ = {isa = PBXBuildFile; fileRef = 49BC86FE14660C8500EF87BB /* SettingsViewController.m */; };
		49BC87021466233E00EF87BB /* addaphoto.png in Resources */ = {isa = PBXBuildFile; fileRef = 49BC87011466233E00EF87BB /* addaphoto.png */; };
		49BC87051466236C00EF87BB /* ProfileView.m in Sources */ = {isa = PBXBuildFile; fileRef = 49BC87041466236C00EF87BB /* ProfileView.m */; };
		49BC870C146629A400EF87BB /* addaphoto@2x.png in Resources */ = {isa = PBXBuildFile; fileRef = 49BC870B146629A400EF87BB /* addaphoto@2x.png */; };
		49BC870E146629C500EF87BB /* texture.png in Resources */ = {isa = PBXBuildFile; fileRef = 49BC870D146629C500EF87BB /* texture.png */; };
		49DA2FF51465ECA600D4089E /* GroupListMessageCell.m in Sources */ = {isa = PBXBuildFile; fileRef = 49DA2FF41465ECA600D4089E /* GroupListMessageCell.m */; };
		49DA2FF81465EEA000D4089E /* GroupListViewController.m in Sources */ = {isa = PBXBuildFile; fileRef = 49DA2FF71465EEA000D4089E /* GroupListViewController.m */; };
		49DA30001465FDFE00D4089E /* LoginViewController.m in Sources */ = {isa = PBXBuildFile; fileRef = 49DA2FFF1465FDFE00D4089E /* LoginViewController.m */; };
		49DA3019146604DC00D4089E /* close.png in Resources */ = {isa = PBXBuildFile; fileRef = 49DA3011146604DC00D4089E /* close.png */; };
		49DA301A146604DC00D4089E /* fbicon.png in Resources */ = {isa = PBXBuildFile; fileRef = 49DA3012146604DC00D4089E /* fbicon.png */; };
		49DA301B146604DC00D4089E /* login.png in Resources */ = {isa = PBXBuildFile; fileRef = 49DA3013146604DC00D4089E /* login.png */; };
		49DA301C146604DC00D4089E /* login2.png in Resources */ = {isa = PBXBuildFile; fileRef = 49DA3014146604DC00D4089E /* login2.png */; };
		49DA301D146604DC00D4089E /* login2_down.png in Resources */ = {isa = PBXBuildFile; fileRef = 49DA3015146604DC00D4089E /* login2_down.png */; };
		49DA301E146604DC00D4089E /* login_down.png in Resources */ = {isa = PBXBuildFile; fileRef = 49DA3016146604DC00D4089E /* login_down.png */; };
		49DA301F146604DC00D4089E /* logout.png in Resources */ = {isa = PBXBuildFile; fileRef = 49DA3017146604DC00D4089E /* logout.png */; };
		49DA3020146604DC00D4089E /* logout_down.png in Resources */ = {isa = PBXBuildFile; fileRef = 49DA3018146604DC00D4089E /* logout_down.png */; };
		F7B78F611465CFE900B7A3E4 /* UIKit.framework in Frameworks */ = {isa = PBXBuildFile; fileRef = F7B78F601465CFE900B7A3E4 /* UIKit.framework */; };
		F7B78F631465CFE900B7A3E4 /* Foundation.framework in Frameworks */ = {isa = PBXBuildFile; fileRef = F7B78F621465CFE900B7A3E4 /* Foundation.framework */; };
		F7B78F651465CFE900B7A3E4 /* CoreGraphics.framework in Frameworks */ = {isa = PBXBuildFile; fileRef = F7B78F641465CFE900B7A3E4 /* CoreGraphics.framework */; };
		F7B78F6B1465CFE900B7A3E4 /* InfoPlist.strings in Resources */ = {isa = PBXBuildFile; fileRef = F7B78F691465CFE900B7A3E4 /* InfoPlist.strings */; };
		F7B78F6D1465CFE900B7A3E4 /* main.m in Sources */ = {isa = PBXBuildFile; fileRef = F7B78F6C1465CFE900B7A3E4 /* main.m */; };
		F7B78F711465CFE900B7A3E4 /* AppDelegate.m in Sources */ = {isa = PBXBuildFile; fileRef = F7B78F701465CFE900B7A3E4 /* AppDelegate.m */; };
		F7B78F7A1465D35D00B7A3E4 /* GroupViewController.m in Sources */ = {isa = PBXBuildFile; fileRef = F7B78F791465D35D00B7A3E4 /* GroupViewController.m */; };
		F7B78F851465D50100B7A3E4 /* MessageListViewController.m in Sources */ = {isa = PBXBuildFile; fileRef = F7B78F841465D50000B7A3E4 /* MessageListViewController.m */; };
		F7B78F891465D51800B7A3E4 /* MemberListViewController.m in Sources */ = {isa = PBXBuildFile; fileRef = F7B78F881465D51800B7A3E4 /* MemberListViewController.m */; };
		F7B78F8C1465D52D00B7A3E4 /* MapViewController.m in Sources */ = {isa = PBXBuildFile; fileRef = F7B78F8B1465D52D00B7A3E4 /* MapViewController.m */; };
		F7B78F8F1465D54300B7A3E4 /* GroupSettingsViewController.m in Sources */ = {isa = PBXBuildFile; fileRef = F7B78F8E1465D54300B7A3E4 /* GroupSettingsViewController.m */; };
		F7B78F961465DAEC00B7A3E4 /* MessageTextView.m in Sources */ = {isa = PBXBuildFile; fileRef = F7B78F951465DAEC00B7A3E4 /* MessageTextView.m */; };
		F7B78F991465E23C00B7A3E4 /* MessageTableCell.m in Sources */ = {isa = PBXBuildFile; fileRef = F7B78F981465E23C00B7A3E4 /* MessageTableCell.m */; };
		F7B78FA01465E58700B7A3E4 /* MessageTableCellContentView.m in Sources */ = {isa = PBXBuildFile; fileRef = F7B78F9F1465E58600B7A3E4 /* MessageTableCellContentView.m */; };
		F7B78FAD1465F4F000B7A3E4 /* map@2x.png in Resources */ = {isa = PBXBuildFile; fileRef = F7B78FA41465F4F000B7A3E4 /* map@2x.png */; };
		F7B78FAE1465F4F000B7A3E4 /* members@2x.png in Resources */ = {isa = PBXBuildFile; fileRef = F7B78FA51465F4F000B7A3E4 /* members@2x.png */; };
		F7B78FAF1465F4F000B7A3E4 /* messages@2x.png in Resources */ = {isa = PBXBuildFile; fileRef = F7B78FA61465F4F000B7A3E4 /* messages@2x.png */; };
		F7B78FB01465F4F000B7A3E4 /* settings@2x.png in Resources */ = {isa = PBXBuildFile; fileRef = F7B78FA71465F4F000B7A3E4 /* settings@2x.png */; };
		F7B78FB11465F4F000B7A3E4 /* map.png in Resources */ = {isa = PBXBuildFile; fileRef = F7B78FA91465F4F000B7A3E4 /* map.png */; };
		F7B78FB21465F4F000B7A3E4 /* members.png in Resources */ = {isa = PBXBuildFile; fileRef = F7B78FAA1465F4F000B7A3E4 /* members.png */; };
		F7B78FB31465F4F000B7A3E4 /* messages.png in Resources */ = {isa = PBXBuildFile; fileRef = F7B78FAB1465F4F000B7A3E4 /* messages.png */; };
		F7B78FB41465F4F000B7A3E4 /* settings.png in Resources */ = {isa = PBXBuildFile; fileRef = F7B78FAC1465F4F000B7A3E4 /* settings.png */; };
/* End PBXBuildFile section */

/* Begin PBXFileReference section */
		49BC86FD14660C8500EF87BB /* SettingsViewController.h */ = {isa = PBXFileReference; fileEncoding = 4; lastKnownFileType = sourcecode.c.h; name = SettingsViewController.h; path = "Settings Screen/SettingsViewController.h"; sourceTree = "<group>"; };
		49BC86FE14660C8500EF87BB /* SettingsViewController.m */ = {isa = PBXFileReference; fileEncoding = 4; lastKnownFileType = sourcecode.c.objc; name = SettingsViewController.m; path = "Settings Screen/SettingsViewController.m"; sourceTree = "<group>"; };
		49BC87011466233E00EF87BB /* addaphoto.png */ = {isa = PBXFileReference; lastKnownFileType = image.png; path = addaphoto.png; sourceTree = "<group>"; };
		49BC87031466236C00EF87BB /* ProfileView.h */ = {isa = PBXFileReference; fileEncoding = 4; lastKnownFileType = sourcecode.c.h; name = ProfileView.h; path = "Settings Screen/ProfileView.h"; sourceTree = "<group>"; };
		49BC87041466236C00EF87BB /* ProfileView.m */ = {isa = PBXFileReference; fileEncoding = 4; lastKnownFileType = sourcecode.c.objc; name = ProfileView.m; path = "Settings Screen/ProfileView.m"; sourceTree = "<group>"; };
		49BC870B146629A400EF87BB /* addaphoto@2x.png */ = {isa = PBXFileReference; lastKnownFileType = image.png; path = "addaphoto@2x.png"; sourceTree = "<group>"; };
		49BC870D146629C500EF87BB /* texture.png */ = {isa = PBXFileReference; lastKnownFileType = image.png; path = texture.png; sourceTree = "<group>"; };
		49DA2FF31465ECA600D4089E /* GroupListMessageCell.h */ = {isa = PBXFileReference; fileEncoding = 4; lastKnownFileType = sourcecode.c.h; name = GroupListMessageCell.h; path = "Group LIst Message Cell/GroupListMessageCell.h"; sourceTree = "<group>"; };
		49DA2FF41465ECA600D4089E /* GroupListMessageCell.m */ = {isa = PBXFileReference; fileEncoding = 4; lastKnownFileType = sourcecode.c.objc; name = GroupListMessageCell.m; path = "Group LIst Message Cell/GroupListMessageCell.m"; sourceTree = "<group>"; };
		49DA2FF61465EEA000D4089E /* GroupListViewController.h */ = {isa = PBXFileReference; fileEncoding = 4; lastKnownFileType = sourcecode.c.h; name = GroupListViewController.h; path = "Group List Screen/GroupListViewController.h"; sourceTree = "<group>"; };
		49DA2FF71465EEA000D4089E /* GroupListViewController.m */ = {isa = PBXFileReference; fileEncoding = 4; lastKnownFileType = sourcecode.c.objc; name = GroupListViewController.m; path = "Group List Screen/GroupListViewController.m"; sourceTree = "<group>"; };
		49DA2FFE1465FDFE00D4089E /* LoginViewController.h */ = {isa = PBXFileReference; fileEncoding = 4; lastKnownFileType = sourcecode.c.h; name = LoginViewController.h; path = "Login Screen/LoginViewController.h"; sourceTree = "<group>"; };
		49DA2FFF1465FDFE00D4089E /* LoginViewController.m */ = {isa = PBXFileReference; fileEncoding = 4; lastKnownFileType = sourcecode.c.objc; name = LoginViewController.m; path = "Login Screen/LoginViewController.m"; sourceTree = "<group>"; };
		49DA3011146604DC00D4089E /* close.png */ = {isa = PBXFileReference; lastKnownFileType = image.png; path = close.png; sourceTree = "<group>"; };
		49DA3012146604DC00D4089E /* fbicon.png */ = {isa = PBXFileReference; lastKnownFileType = image.png; path = fbicon.png; sourceTree = "<group>"; };
		49DA3013146604DC00D4089E /* login.png */ = {isa = PBXFileReference; lastKnownFileType = image.png; path = login.png; sourceTree = "<group>"; };
		49DA3014146604DC00D4089E /* login2.png */ = {isa = PBXFileReference; lastKnownFileType = image.png; path = login2.png; sourceTree = "<group>"; };
		49DA3015146604DC00D4089E /* login2_down.png */ = {isa = PBXFileReference; lastKnownFileType = image.png; path = login2_down.png; sourceTree = "<group>"; };
		49DA3016146604DC00D4089E /* login_down.png */ = {isa = PBXFileReference; lastKnownFileType = image.png; path = login_down.png; sourceTree = "<group>"; };
		49DA3017146604DC00D4089E /* logout.png */ = {isa = PBXFileReference; lastKnownFileType = image.png; path = logout.png; sourceTree = "<group>"; };
		49DA3018146604DC00D4089E /* logout_down.png */ = {isa = PBXFileReference; lastKnownFileType = image.png; path = logout_down.png; sourceTree = "<group>"; };
		F7B78F5C1465CFE900B7A3E4 /* Humanity.app */ = {isa = PBXFileReference; explicitFileType = wrapper.application; includeInIndex = 0; path = Humanity.app; sourceTree = BUILT_PRODUCTS_DIR; };
		F7B78F601465CFE900B7A3E4 /* UIKit.framework */ = {isa = PBXFileReference; lastKnownFileType = wrapper.framework; name = UIKit.framework; path = System/Library/Frameworks/UIKit.framework; sourceTree = SDKROOT; };
		F7B78F621465CFE900B7A3E4 /* Foundation.framework */ = {isa = PBXFileReference; lastKnownFileType = wrapper.framework; name = Foundation.framework; path = System/Library/Frameworks/Foundation.framework; sourceTree = SDKROOT; };
		F7B78F641465CFE900B7A3E4 /* CoreGraphics.framework */ = {isa = PBXFileReference; lastKnownFileType = wrapper.framework; name = CoreGraphics.framework; path = System/Library/Frameworks/CoreGraphics.framework; sourceTree = SDKROOT; };
		F7B78F681465CFE900B7A3E4 /* Humanity-Info.plist */ = {isa = PBXFileReference; lastKnownFileType = text.plist.xml; path = "Humanity-Info.plist"; sourceTree = "<group>"; };
		F7B78F6A1465CFE900B7A3E4 /* en */ = {isa = PBXFileReference; lastKnownFileType = text.plist.strings; name = en; path = en.lproj/InfoPlist.strings; sourceTree = "<group>"; };
		F7B78F6C1465CFE900B7A3E4 /* main.m */ = {isa = PBXFileReference; lastKnownFileType = sourcecode.c.objc; path = main.m; sourceTree = "<group>"; };
		F7B78F6E1465CFE900B7A3E4 /* Humanity-Prefix.pch */ = {isa = PBXFileReference; lastKnownFileType = sourcecode.c.h; path = "Humanity-Prefix.pch"; sourceTree = "<group>"; };
		F7B78F6F1465CFE900B7A3E4 /* AppDelegate.h */ = {isa = PBXFileReference; lastKnownFileType = sourcecode.c.h; path = AppDelegate.h; sourceTree = "<group>"; };
		F7B78F701465CFE900B7A3E4 /* AppDelegate.m */ = {isa = PBXFileReference; lastKnownFileType = sourcecode.c.objc; path = AppDelegate.m; sourceTree = "<group>"; };
		F7B78F781465D35D00B7A3E4 /* GroupViewController.h */ = {isa = PBXFileReference; fileEncoding = 4; lastKnownFileType = sourcecode.c.h; name = GroupViewController.h; path = "Group Screen/GroupViewController.h"; sourceTree = "<group>"; };
		F7B78F791465D35D00B7A3E4 /* GroupViewController.m */ = {isa = PBXFileReference; fileEncoding = 4; lastKnownFileType = sourcecode.c.objc; name = GroupViewController.m; path = "Group Screen/GroupViewController.m"; sourceTree = "<group>"; };
		F7B78F831465D50000B7A3E4 /* MessageListViewController.h */ = {isa = PBXFileReference; fileEncoding = 4; lastKnownFileType = sourcecode.c.h; name = MessageListViewController.h; path = "Group Screen/MessageListViewController.h"; sourceTree = "<group>"; };
		F7B78F841465D50000B7A3E4 /* MessageListViewController.m */ = {isa = PBXFileReference; fileEncoding = 4; lastKnownFileType = sourcecode.c.objc; name = MessageListViewController.m; path = "Group Screen/MessageListViewController.m"; sourceTree = "<group>"; };
		F7B78F871465D51800B7A3E4 /* MemberListViewController.h */ = {isa = PBXFileReference; fileEncoding = 4; lastKnownFileType = sourcecode.c.h; name = MemberListViewController.h; path = "Group Screen/MemberListViewController.h"; sourceTree = "<group>"; };
		F7B78F881465D51800B7A3E4 /* MemberListViewController.m */ = {isa = PBXFileReference; fileEncoding = 4; lastKnownFileType = sourcecode.c.objc; name = MemberListViewController.m; path = "Group Screen/MemberListViewController.m"; sourceTree = "<group>"; };
		F7B78F8A1465D52D00B7A3E4 /* MapViewController.h */ = {isa = PBXFileReference; fileEncoding = 4; lastKnownFileType = sourcecode.c.h; name = MapViewController.h; path = "Group Screen/MapViewController.h"; sourceTree = "<group>"; };
		F7B78F8B1465D52D00B7A3E4 /* MapViewController.m */ = {isa = PBXFileReference; fileEncoding = 4; lastKnownFileType = sourcecode.c.objc; name = MapViewController.m; path = "Group Screen/MapViewController.m"; sourceTree = "<group>"; };
		F7B78F8D1465D54300B7A3E4 /* GroupSettingsViewController.h */ = {isa = PBXFileReference; fileEncoding = 4; lastKnownFileType = sourcecode.c.h; name = GroupSettingsViewController.h; path = "Group Screen/GroupSettingsViewController.h"; sourceTree = "<group>"; };
		F7B78F8E1465D54300B7A3E4 /* GroupSettingsViewController.m */ = {isa = PBXFileReference; fileEncoding = 4; lastKnownFileType = sourcecode.c.objc; name = GroupSettingsViewController.m; path = "Group Screen/GroupSettingsViewController.m"; sourceTree = "<group>"; };
		F7B78F941465DAEC00B7A3E4 /* MessageTextView.h */ = {isa = PBXFileReference; fileEncoding = 4; lastKnownFileType = sourcecode.c.h; name = MessageTextView.h; path = "Group Screen/MessageTextView.h"; sourceTree = "<group>"; };
		F7B78F951465DAEC00B7A3E4 /* MessageTextView.m */ = {isa = PBXFileReference; fileEncoding = 4; lastKnownFileType = sourcecode.c.objc; name = MessageTextView.m; path = "Group Screen/MessageTextView.m"; sourceTree = "<group>"; };
		F7B78F971465E23B00B7A3E4 /* MessageTableCell.h */ = {isa = PBXFileReference; fileEncoding = 4; lastKnownFileType = sourcecode.c.h; path = MessageTableCell.h; sourceTree = "<group>"; };
		F7B78F981465E23C00B7A3E4 /* MessageTableCell.m */ = {isa = PBXFileReference; fileEncoding = 4; lastKnownFileType = sourcecode.c.objc; path = MessageTableCell.m; sourceTree = "<group>"; };
		F7B78F9E1465E58600B7A3E4 /* MessageTableCellContentView.h */ = {isa = PBXFileReference; fileEncoding = 4; lastKnownFileType = sourcecode.c.h; name = MessageTableCellContentView.h; path = "Group Screen/MessageTableCellContentView.h"; sourceTree = "<group>"; };
		F7B78F9F1465E58600B7A3E4 /* MessageTableCellContentView.m */ = {isa = PBXFileReference; fileEncoding = 4; lastKnownFileType = sourcecode.c.objc; name = MessageTableCellContentView.m; path = "Group Screen/MessageTableCellContentView.m"; sourceTree = "<group>"; };
		F7B78FA41465F4F000B7A3E4 /* map@2x.png */ = {isa = PBXFileReference; lastKnownFileType = image.png; path = "map@2x.png"; sourceTree = "<group>"; };
		F7B78FA51465F4F000B7A3E4 /* members@2x.png */ = {isa = PBXFileReference; lastKnownFileType = image.png; path = "members@2x.png"; sourceTree = "<group>"; };
		F7B78FA61465F4F000B7A3E4 /* messages@2x.png */ = {isa = PBXFileReference; lastKnownFileType = image.png; path = "messages@2x.png"; sourceTree = "<group>"; };
		F7B78FA71465F4F000B7A3E4 /* settings@2x.png */ = {isa = PBXFileReference; lastKnownFileType = image.png; path = "settings@2x.png"; sourceTree = "<group>"; };
		F7B78FA91465F4F000B7A3E4 /* map.png */ = {isa = PBXFileReference; lastKnownFileType = image.png; path = map.png; sourceTree = "<group>"; };
		F7B78FAA1465F4F000B7A3E4 /* members.png */ = {isa = PBXFileReference; lastKnownFileType = image.png; path = members.png; sourceTree = "<group>"; };
		F7B78FAB1465F4F000B7A3E4 /* messages.png */ = {isa = PBXFileReference; lastKnownFileType = image.png; path = messages.png; sourceTree = "<group>"; };
		F7B78FAC1465F4F000B7A3E4 /* settings.png */ = {isa = PBXFileReference; lastKnownFileType = image.png; path = settings.png; sourceTree = "<group>"; };
/* End PBXFileReference section */

/* Begin PBXFrameworksBuildPhase section */
		F7B78F591465CFE900B7A3E4 /* Frameworks */ = {
			isa = PBXFrameworksBuildPhase;
			buildActionMask = 2147483647;
			files = (
				F7B78F611465CFE900B7A3E4 /* UIKit.framework in Frameworks */,
				F7B78F631465CFE900B7A3E4 /* Foundation.framework in Frameworks */,
				F7B78F651465CFE900B7A3E4 /* CoreGraphics.framework in Frameworks */,
			);
			runOnlyForDeploymentPostprocessing = 0;
		};
/* End PBXFrameworksBuildPhase section */

/* Begin PBXGroup section */
		49BC86FC14660C6800EF87BB /* Settings Screen */ = {
			isa = PBXGroup;
			children = (
				49BC86FD14660C8500EF87BB /* SettingsViewController.h */,
				49BC86FE14660C8500EF87BB /* SettingsViewController.m */,
				49BC87031466236C00EF87BB /* ProfileView.h */,
				49BC87041466236C00EF87BB /* ProfileView.m */,
			);
			name = "Settings Screen";
			sourceTree = "<group>";
		};
		49BC87001466230E00EF87BB /* Profile */ = {
			isa = PBXGroup;
			children = (
				49BC87071466295D00EF87BB /* high-res */,
				49BC87061466294D00EF87BB /* standard-res */,
			);
			name = Profile;
			sourceTree = "<group>";
		};
		49BC87061466294D00EF87BB /* standard-res */ = {
			isa = PBXGroup;
			children = (
				49BC87011466233E00EF87BB /* addaphoto.png */,
			);
			name = "standard-res";
			sourceTree = "<group>";
		};
		49BC87071466295D00EF87BB /* high-res */ = {
			isa = PBXGroup;
			children = (
				49BC870B146629A400EF87BB /* addaphoto@2x.png */,
			);
			name = "high-res";
			sourceTree = "<group>";
		};
		49BC87081466296A00EF87BB /* Background */ = {
			isa = PBXGroup;
			children = (
				49BC870A1466298600EF87BB /* standard-res */,
				49BC87091466297600EF87BB /* high-res */,
			);
			name = Background;
			sourceTree = "<group>";
		};
		49BC87091466297600EF87BB /* high-res */ = {
			isa = PBXGroup;
			children = (
			);
			name = "high-res";
			sourceTree = "<group>";
		};
		49BC870A1466298600EF87BB /* standard-res */ = {
			isa = PBXGroup;
			children = (
				49BC870D146629C500EF87BB /* texture.png */,
			);
			name = "standard-res";
			sourceTree = "<group>";
		};
		49DA2FED1465DED800D4089E /* Group List Screen */ = {
			isa = PBXGroup;
			children = (
				49DA2FF61465EEA000D4089E /* GroupListViewController.h */,
				49DA2FF71465EEA000D4089E /* GroupListViewController.m */,
			);
			name = "Group List Screen";
			sourceTree = "<group>";
		};
		49DA2FF21465EC1800D4089E /* Group List Message Cell */ = {
			isa = PBXGroup;
			children = (
				49DA2FF31465ECA600D4089E /* GroupListMessageCell.h */,
				49DA2FF41465ECA600D4089E /* GroupListMessageCell.m */,
			);
			name = "Group List Message Cell";
			sourceTree = "<group>";
		};
		49DA2FFD1465FD5F00D4089E /* Login Screen */ = {
			isa = PBXGroup;
			children = (
				49DA2FFE1465FDFE00D4089E /* LoginViewController.h */,
				49DA2FFF1465FDFE00D4089E /* LoginViewController.m */,
			);
			name = "Login Screen";
			sourceTree = "<group>";
		};
		49DA3010146604DC00D4089E /* Facebook */ = {
			isa = PBXGroup;
			children = (
				49DA3011146604DC00D4089E /* close.png */,
				49DA3012146604DC00D4089E /* fbicon.png */,
				49DA3013146604DC00D4089E /* login.png */,
				49DA3014146604DC00D4089E /* login2.png */,
				49DA3015146604DC00D4089E /* login2_down.png */,
				49DA3016146604DC00D4089E /* login_down.png */,
				49DA3017146604DC00D4089E /* logout.png */,
				49DA3018146604DC00D4089E /* logout_down.png */,
			);
			path = Facebook;
			sourceTree = "<group>";
		};
		F7B78F511465CFE800B7A3E4 = {
			isa = PBXGroup;
			children = (
				F7B78F661465CFE900B7A3E4 /* Humanity */,
				F7B78F5F1465CFE900B7A3E4 /* Frameworks */,
				F7B78F5D1465CFE900B7A3E4 /* Products */,
			);
			sourceTree = "<group>";
		};
		F7B78F5D1465CFE900B7A3E4 /* Products */ = {
			isa = PBXGroup;
			children = (
				F7B78F5C1465CFE900B7A3E4 /* Humanity.app */,
			);
			name = Products;
			sourceTree = "<group>";
		};
		F7B78F5F1465CFE900B7A3E4 /* Frameworks */ = {
			isa = PBXGroup;
			children = (
				F7B78F601465CFE900B7A3E4 /* UIKit.framework */,
				F7B78F621465CFE900B7A3E4 /* Foundation.framework */,
				F7B78F641465CFE900B7A3E4 /* CoreGraphics.framework */,
			);
			name = Frameworks;
			sourceTree = "<group>";
		};
		F7B78F661465CFE900B7A3E4 /* Humanity */ = {
			isa = PBXGroup;
			children = (
				49BC86FC14660C6800EF87BB /* Settings Screen */,
				49DA2FFD1465FD5F00D4089E /* Login Screen */,
				49DA2FF21465EC1800D4089E /* Group List Message Cell */,
				49DA2FED1465DED800D4089E /* Group List Screen */,
				F7B78FA11465F4F000B7A3E4 /* Images */,
				F7B78F771465D23500B7A3E4 /* Group Screen */,
				F7B78F6F1465CFE900B7A3E4 /* AppDelegate.h */,
				F7B78F701465CFE900B7A3E4 /* AppDelegate.m */,
				F7B78F671465CFE900B7A3E4 /* Supporting Files */,
			);
			path = Humanity;
			sourceTree = "<group>";
		};
		F7B78F671465CFE900B7A3E4 /* Supporting Files */ = {
			isa = PBXGroup;
			children = (
				F7B78F681465CFE900B7A3E4 /* Humanity-Info.plist */,
				F7B78F691465CFE900B7A3E4 /* InfoPlist.strings */,
				F7B78F6C1465CFE900B7A3E4 /* main.m */,
				F7B78F6E1465CFE900B7A3E4 /* Humanity-Prefix.pch */,
			);
			name = "Supporting Files";
			sourceTree = "<group>";
		};
		F7B78F771465D23500B7A3E4 /* Group Screen */ = {
			isa = PBXGroup;
			children = (
				F7B78F781465D35D00B7A3E4 /* GroupViewController.h */,
				F7B78F791465D35D00B7A3E4 /* GroupViewController.m */,
				F7B78F831465D50000B7A3E4 /* MessageListViewController.h */,
				F7B78F841465D50000B7A3E4 /* MessageListViewController.m */,
				F7B78F871465D51800B7A3E4 /* MemberListViewController.h */,
				F7B78F881465D51800B7A3E4 /* MemberListViewController.m */,
				F7B78F8A1465D52D00B7A3E4 /* MapViewController.h */,
				F7B78F8B1465D52D00B7A3E4 /* MapViewController.m */,
				F7B78F8D1465D54300B7A3E4 /* GroupSettingsViewController.h */,
				F7B78F8E1465D54300B7A3E4 /* GroupSettingsViewController.m */,
				F7B78F941465DAEC00B7A3E4 /* MessageTextView.h */,
				F7B78F951465DAEC00B7A3E4 /* MessageTextView.m */,
				F7B78F971465E23B00B7A3E4 /* MessageTableCell.h */,
				F7B78F981465E23C00B7A3E4 /* MessageTableCell.m */,
				F7B78F9E1465E58600B7A3E4 /* MessageTableCellContentView.h */,
				F7B78F9F1465E58600B7A3E4 /* MessageTableCellContentView.m */,
			);
			name = "Group Screen";
			sourceTree = "<group>";
		};
		F7B78FA11465F4F000B7A3E4 /* Images */ = {
			isa = PBXGroup;
			children = (
				49BC87081466296A00EF87BB /* Background */,
				49BC87001466230E00EF87BB /* Profile */,
				49DA3010146604DC00D4089E /* Facebook */,
				F7B78FA21465F4F000B7A3E4 /* TabBarIcon */,
			);
			path = Images;
			sourceTree = "<group>";
		};
		F7B78FA21465F4F000B7A3E4 /* TabBarIcon */ = {
			isa = PBXGroup;
			children = (
				F7B78FA31465F4F000B7A3E4 /* high-res */,
				F7B78FA81465F4F000B7A3E4 /* standard-res */,
			);
			path = TabBarIcon;
			sourceTree = "<group>";
		};
		F7B78FA31465F4F000B7A3E4 /* high-res */ = {
			isa = PBXGroup;
			children = (
				F7B78FA41465F4F000B7A3E4 /* map@2x.png */,
				F7B78FA51465F4F000B7A3E4 /* members@2x.png */,
				F7B78FA61465F4F000B7A3E4 /* messages@2x.png */,
				F7B78FA71465F4F000B7A3E4 /* settings@2x.png */,
			);
			path = "high-res";
			sourceTree = "<group>";
		};
		F7B78FA81465F4F000B7A3E4 /* standard-res */ = {
			isa = PBXGroup;
			children = (
				F7B78FA91465F4F000B7A3E4 /* map.png */,
				F7B78FAA1465F4F000B7A3E4 /* members.png */,
				F7B78FAB1465F4F000B7A3E4 /* messages.png */,
				F7B78FAC1465F4F000B7A3E4 /* settings.png */,
			);
			path = "standard-res";
			sourceTree = "<group>";
		};
/* End PBXGroup section */

/* Begin PBXNativeTarget section */
		F7B78F5B1465CFE900B7A3E4 /* Humanity */ = {
			isa = PBXNativeTarget;
			buildConfigurationList = F7B78F741465CFE900B7A3E4 /* Build configuration list for PBXNativeTarget "Humanity" */;
			buildPhases = (
				F7B78F581465CFE900B7A3E4 /* Sources */,
				F7B78F591465CFE900B7A3E4 /* Frameworks */,
				F7B78F5A1465CFE900B7A3E4 /* Resources */,
			);
			buildRules = (
			);
			dependencies = (
			);
			name = Humanity;
			productName = Humanity;
			productReference = F7B78F5C1465CFE900B7A3E4 /* Humanity.app */;
			productType = "com.apple.product-type.application";
		};
/* End PBXNativeTarget section */

/* Begin PBXProject section */
		F7B78F531465CFE800B7A3E4 /* Project object */ = {
			isa = PBXProject;
			attributes = {
				LastUpgradeCheck = 0420;
				ORGANIZATIONNAME = Humanity;
			};
			buildConfigurationList = F7B78F561465CFE800B7A3E4 /* Build configuration list for PBXProject "Humanity" */;
			compatibilityVersion = "Xcode 3.2";
			developmentRegion = English;
			hasScannedForEncodings = 0;
			knownRegions = (
				en,
			);
			mainGroup = F7B78F511465CFE800B7A3E4;
			productRefGroup = F7B78F5D1465CFE900B7A3E4 /* Products */;
			projectDirPath = "";
			projectRoot = "";
			targets = (
				F7B78F5B1465CFE900B7A3E4 /* Humanity */,
			);
		};
/* End PBXProject section */

/* Begin PBXResourcesBuildPhase section */
		F7B78F5A1465CFE900B7A3E4 /* Resources */ = {
			isa = PBXResourcesBuildPhase;
			buildActionMask = 2147483647;
			files = (
				F7B78F6B1465CFE900B7A3E4 /* InfoPlist.strings in Resources */,
				F7B78FAD1465F4F000B7A3E4 /* map@2x.png in Resources */,
				F7B78FAE1465F4F000B7A3E4 /* members@2x.png in Resources */,
				F7B78FAF1465F4F000B7A3E4 /* messages@2x.png in Resources */,
				F7B78FB01465F4F000B7A3E4 /* settings@2x.png in Resources */,
				F7B78FB11465F4F000B7A3E4 /* map.png in Resources */,
				F7B78FB21465F4F000B7A3E4 /* members.png in Resources */,
				F7B78FB31465F4F000B7A3E4 /* messages.png in Resources */,
				F7B78FB41465F4F000B7A3E4 /* settings.png in Resources */,
				49DA3019146604DC00D4089E /* close.png in Resources */,
				49DA301A146604DC00D4089E /* fbicon.png in Resources */,
				49DA301B146604DC00D4089E /* login.png in Resources */,
				49DA301C146604DC00D4089E /* login2.png in Resources */,
				49DA301D146604DC00D4089E /* login2_down.png in Resources */,
				49DA301E146604DC00D4089E /* login_down.png in Resources */,
				49DA301F146604DC00D4089E /* logout.png in Resources */,
				49DA3020146604DC00D4089E /* logout_down.png in Resources */,
				49BC87021466233E00EF87BB /* addaphoto.png in Resources */,
				49BC870C146629A400EF87BB /* addaphoto@2x.png in Resources */,
				49BC870E146629C500EF87BB /* texture.png in Resources */,
			);
			runOnlyForDeploymentPostprocessing = 0;
		};
/* End PBXResourcesBuildPhase section */

/* Begin PBXSourcesBuildPhase section */
		F7B78F581465CFE900B7A3E4 /* Sources */ = {
			isa = PBXSourcesBuildPhase;
			buildActionMask = 2147483647;
			files = (
				F7B78F6D1465CFE900B7A3E4 /* main.m in Sources */,
				F7B78F711465CFE900B7A3E4 /* AppDelegate.m in Sources */,
				F7B78F7A1465D35D00B7A3E4 /* GroupViewController.m in Sources */,
				49DA2FF51465ECA600D4089E /* GroupListMessageCell.m in Sources */,
				49DA2FF81465EEA000D4089E /* GroupListViewController.m in Sources */,
				49DA30001465FDFE00D4089E /* LoginViewController.m in Sources */,
				F7B78F851465D50100B7A3E4 /* MessageListViewController.m in Sources */,
				F7B78F891465D51800B7A3E4 /* MemberListViewController.m in Sources */,
				F7B78F8C1465D52D00B7A3E4 /* MapViewController.m in Sources */,
				F7B78F8F1465D54300B7A3E4 /* GroupSettingsViewController.m in Sources */,
				F7B78F961465DAEC00B7A3E4 /* MessageTextView.m in Sources */,
				F7B78F991465E23C00B7A3E4 /* MessageTableCell.m in Sources */,
				F7B78FA01465E58700B7A3E4 /* MessageTableCellContentView.m in Sources */,
				49BC86FF14660C8500EF87BB /* SettingsViewController.m in Sources */,
				49BC87051466236C00EF87BB /* ProfileView.m in Sources */,
			);
			runOnlyForDeploymentPostprocessing = 0;
		};
/* End PBXSourcesBuildPhase section */

/* Begin PBXVariantGroup section */
		F7B78F691465CFE900B7A3E4 /* InfoPlist.strings */ = {
			isa = PBXVariantGroup;
			children = (
				F7B78F6A1465CFE900B7A3E4 /* en */,
			);
			name = InfoPlist.strings;
			sourceTree = "<group>";
		};
/* End PBXVariantGroup section */

/* Begin XCBuildConfiguration section */
		F7B78F721465CFE900B7A3E4 /* Debug */ = {
			isa = XCBuildConfiguration;
			buildSettings = {
				ALWAYS_SEARCH_USER_PATHS = NO;
				ARCHS = "$(ARCHS_STANDARD_32_BIT)";
				"CODE_SIGN_IDENTITY[sdk=iphoneos*]" = "iPhone Developer";
				COPY_PHASE_STRIP = NO;
				GCC_C_LANGUAGE_STANDARD = gnu99;
				GCC_DYNAMIC_NO_PIC = NO;
				GCC_OPTIMIZATION_LEVEL = 0;
				GCC_PREPROCESSOR_DEFINITIONS = (
					"DEBUG=1",
					"$(inherited)",
				);
				GCC_SYMBOLS_PRIVATE_EXTERN = NO;
				GCC_VERSION = com.apple.compilers.llvm.clang.1_0;
				GCC_WARN_ABOUT_MISSING_PROTOTYPES = YES;
				GCC_WARN_ABOUT_RETURN_TYPE = YES;
				GCC_WARN_UNUSED_VARIABLE = YES;
				IPHONEOS_DEPLOYMENT_TARGET = 5.0;
				SDKROOT = iphoneos;
			};
			name = Debug;
		};
		F7B78F731465CFE900B7A3E4 /* Release */ = {
			isa = XCBuildConfiguration;
			buildSettings = {
				ALWAYS_SEARCH_USER_PATHS = NO;
				ARCHS = "$(ARCHS_STANDARD_32_BIT)";
				"CODE_SIGN_IDENTITY[sdk=iphoneos*]" = "iPhone Developer";
				COPY_PHASE_STRIP = YES;
				GCC_C_LANGUAGE_STANDARD = gnu99;
				GCC_VERSION = com.apple.compilers.llvm.clang.1_0;
				GCC_WARN_ABOUT_MISSING_PROTOTYPES = YES;
				GCC_WARN_ABOUT_RETURN_TYPE = YES;
				GCC_WARN_UNUSED_VARIABLE = YES;
				IPHONEOS_DEPLOYMENT_TARGET = 5.0;
				OTHER_CFLAGS = "-DNS_BLOCK_ASSERTIONS=1";
				SDKROOT = iphoneos;
				VALIDATE_PRODUCT = YES;
			};
			name = Release;
		};
		F7B78F751465CFE900B7A3E4 /* Debug */ = {
			isa = XCBuildConfiguration;
			buildSettings = {
				GCC_PRECOMPILE_PREFIX_HEADER = YES;
				GCC_PREFIX_HEADER = "Humanity/Humanity-Prefix.pch";
				INFOPLIST_FILE = "Humanity/Humanity-Info.plist";
				IPHONEOS_DEPLOYMENT_TARGET = 5.0;
				PRODUCT_NAME = "$(TARGET_NAME)";
				WRAPPER_EXTENSION = app;
			};
			name = Debug;
		};
		F7B78F761465CFE900B7A3E4 /* Release */ = {
			isa = XCBuildConfiguration;
			buildSettings = {
				GCC_PRECOMPILE_PREFIX_HEADER = YES;
				GCC_PREFIX_HEADER = "Humanity/Humanity-Prefix.pch";
				INFOPLIST_FILE = "Humanity/Humanity-Info.plist";
				IPHONEOS_DEPLOYMENT_TARGET = 5.0;
				PRODUCT_NAME = "$(TARGET_NAME)";
				WRAPPER_EXTENSION = app;
			};
			name = Release;
		};
/* End XCBuildConfiguration section */

/* Begin XCConfigurationList section */
		F7B78F561465CFE800B7A3E4 /* Build configuration list for PBXProject "Humanity" */ = {
			isa = XCConfigurationList;
			buildConfigurations = (
				F7B78F721465CFE900B7A3E4 /* Debug */,
				F7B78F731465CFE900B7A3E4 /* Release */,
			);
			defaultConfigurationIsVisible = 0;
			defaultConfigurationName = Release;
		};
		F7B78F741465CFE900B7A3E4 /* Build configuration list for PBXNativeTarget "Humanity" */ = {
			isa = XCConfigurationList;
			buildConfigurations = (
				F7B78F751465CFE900B7A3E4 /* Debug */,
				F7B78F761465CFE900B7A3E4 /* Release */,
			);
			defaultConfigurationIsVisible = 0;
			defaultConfigurationName = Release;
		};
/* End XCConfigurationList section */
	};
	rootObject = F7B78F531465CFE800B7A3E4 /* Project object */;
}
